{
  "nodes": {
    "aagl": {
      "inputs": {
        "flake-compat": "flake-compat",
        "nixpkgs": [
          "nixpkgs"
        ]
      },
      "locked": {
        "lastModified": 1750139930,
        "narHash": "sha256-YMyAhxgjHr2RU/9B/3y9g+6BcPnPtndcgfAan01m3Bg=",
        "owner": "ezKEa",
        "repo": "aagl-gtk-on-nix",
        "rev": "bde021537172d8799af10e6436c534aa84afb538",
        "type": "github"
      },
      "original": {
        "owner": "ezKEa",
        "repo": "aagl-gtk-on-nix",
        "type": "github"
      }
    },
    "flake-compat": {
      "flake": false,
      "locked": {
        "lastModified": 1747046372,
        "narHash": "sha256-CIVLLkVgvHYbgI2UpXvIIBJ12HWgX+fjA8Xf8PUmqCY=",
        "owner": "edolstra",
        "repo": "flake-compat",
        "rev": "9100a0f413b0c601e0533d1d94ffd501ce2e7885",
        "type": "github"
      },
      "original": {
        "owner": "edolstra",
        "repo": "flake-compat",
        "type": "github"
      }
    },
    "flake-compat_2": {
      "flake": false,
      "locked": {
        "lastModified": 1747046372,
        "narHash": "sha256-CIVLLkVgvHYbgI2UpXvIIBJ12HWgX+fjA8Xf8PUmqCY=",
        "owner": "edolstra",
        "repo": "flake-compat",
        "rev": "9100a0f413b0c601e0533d1d94ffd501ce2e7885",
        "type": "github"
      },
      "original": {
        "owner": "edolstra",
        "repo": "flake-compat",
        "type": "github"
      }
    },
    "home-manager": {
      "inputs": {
        "nixpkgs": [
          "nixpkgs"
        ]
      },
      "locked": {
        "lastModified": 1750127463,
        "narHash": "sha256-K2xFtlD3PcKAZriOE3LaBLYmVfGQu+rIF4Jr1RFYR0Q=",
        "owner": "nix-community",
        "repo": "home-manager",
        "rev": "28eef8722d1af18ca13e687dbf485e1c653a0402",
        "type": "github"
      },
      "original": {
        "owner": "nix-community",
        "repo": "home-manager",
        "type": "github"
      }
    },
    "minegrub-world-sel-theme": {
      "inputs": {
        "nixpkgs": [
          "nixpkgs"
        ]
      },
      "locked": {
        "lastModified": 1749392350,
        "narHash": "sha256-ExMeMDteb2NTOwaAbrxJAnehS+MFJ2eM2tUlOBd5rjk=",
        "owner": "Lxtharia",
        "repo": "minegrub-world-sel-theme",
        "rev": "d5b50a99f37898e5e44e9505eb72aa17a4aa912b",
        "type": "github"
      },
      "original": {
        "owner": "Lxtharia",
        "repo": "minegrub-world-sel-theme",
        "type": "github"
      }
    },
    "nix-matlab": {
      "inputs": {
        "flake-compat": "flake-compat_2",
        "nixpkgs": [
          "nixpkgs"
        ]
      },
      "locked": {
        "lastModified": 1749999717,
        "narHash": "sha256-0e90USJ7piAzjU1u0TRrzCsvI5Sv6H/Kn4Mc1IdMDlo=",
        "owner": "doronbehar",
        "repo": "nix-matlab",
        "rev": "ac8d65aeb173a6b9a2bb6f0a05c490a732259e2f",
        "type": "gitlab"
      },
      "original": {
        "owner": "doronbehar",
        "repo": "nix-matlab",
        "type": "gitlab"
      }
    },
    "nixpkgs": {
      "locked": {
        "lastModified": 1749794982,
        "narHash": "sha256-Kh9K4taXbVuaLC0IL+9HcfvxsSUx8dPB5s5weJcc9pc=",
        "owner": "nixos",
        "repo": "nixpkgs",
        "rev": "ee930f9755f58096ac6e8ca94a1887e0534e2d81",
        "type": "github"
      },
      "original": {
        "owner": "nixos",
        "ref": "nixos-unstable",
        "repo": "nixpkgs",
        "type": "github"
      }
    },
    "root": {
      "inputs": {
        "aagl": "aagl",
        "home-manager": "home-manager",
        "minegrub-world-sel-theme": "minegrub-world-sel-theme",
        "nix-matlab": "nix-matlab",
        "nixpkgs": "nixpkgs",
        "spicetify-nix": "spicetify-nix"
      }
    },
    "spicetify-nix": {
      "inputs": {
        "nixpkgs": [
          "nixpkgs"
        ],
        "systems": "systems"
      },
      "locked": {
        "lastModified": 1749961984,
        "narHash": "sha256-1Nmycj9cVUIkoDsVEn9k8SGMS9V+BcBUL+rDXNapslw=",
        "owner": "Gerg-L",
        "repo": "spicetify-nix",
        "rev": "c9f12a733e8edcf8d408ccd178c1a11e753ffa08",
        "type": "github"
      },
      "original": {
        "owner": "Gerg-L",
        "repo": "spicetify-nix",
        "type": "github"
      }
    },
    "systems": {
      "locked": {
        "lastModified": 1681028828,
        "narHash": "sha256-Vy1rq5AaRuLzOxct8nz4T6wlgyUR7zLU309k9mBC768=",
        "owner": "nix-systems",
        "repo": "default",
        "rev": "da67096a3b9bf56a91d16901293e51ba5b49a27e",
        "type": "github"
      },
      "original": {
        "owner": "nix-systems",
        "repo": "default",
        "type": "github"
      }
    }
  },
  "root": "root",
  "version": 7
}
